#MicroXplorer Configuration settings - do not modify
CORTEX_M7.CPU_DCache=Disabled
CORTEX_M7.CPU_ICache=Enabled
CORTEX_M7.IPParameters=CPU_ICache,CPU_DCache,MPU_Control
CORTEX_M7.MPU_Control=__NULL
Dma.Request0=USART1_TX
Dma.Request1=SAI1_A
Dma.Request10=USART1_RX
Dma.Request2=SAI1_B
Dma.Request3=SAI2_A
Dma.Request4=SAI2_B
Dma.Request5=TIM1_TRIG
Dma.Request6=TIM8_CH2
Dma.Request7=TIM8_TRIG
Dma.Request8=TIM8_CH1
Dma.Request9=TIM1_UP
Dma.RequestsNb=11
Dma.SAI1_A.1.Direction=DMA_PERIPH_TO_MEMORY
Dma.SAI1_A.1.EventEnable=DISABLE
Dma.SAI1_A.1.FIFOMode=DMA_FIFOMODE_ENABLE
Dma.SAI1_A.1.FIFOThreshold=DMA_FIFO_THRESHOLD_FULL
Dma.SAI1_A.1.Instance=DMA1_Stream1
Dma.SAI1_A.1.MemBurst=DMA_MBURST_SINGLE
Dma.SAI1_A.1.MemDataAlignment=DMA_MDATAALIGN_WORD
Dma.SAI1_A.1.MemInc=DMA_MINC_ENABLE
Dma.SAI1_A.1.Mode=DMA_NORMAL
Dma.SAI1_A.1.PeriphBurst=DMA_PBURST_SINGLE
Dma.SAI1_A.1.PeriphDataAlignment=DMA_PDATAALIGN_WORD
Dma.SAI1_A.1.PeriphInc=DMA_PINC_DISABLE
Dma.SAI1_A.1.Polarity=HAL_DMAMUX_REQ_GEN_RISING
Dma.SAI1_A.1.Priority=DMA_PRIORITY_LOW
Dma.SAI1_A.1.RequestNumber=1
Dma.SAI1_A.1.RequestParameters=Instance,Direction,PeriphInc,MemInc,PeriphDataAlignment,MemDataAlignment,Mode,Priority,FIFOMode,FIFOThreshold,MemBurst,PeriphBurst,SignalID,Polarity,RequestNumber,SyncSignalID,SyncPolarity,SyncEnable,EventEnable,SyncRequestNumber
Dma.SAI1_A.1.SignalID=NONE
Dma.SAI1_A.1.SyncEnable=DISABLE
Dma.SAI1_A.1.SyncPolarity=HAL_DMAMUX_SYNC_NO_EVENT
Dma.SAI1_A.1.SyncRequestNumber=1
Dma.SAI1_A.1.SyncSignalID=NONE
Dma.SAI1_B.2.Direction=DMA_PERIPH_TO_MEMORY
Dma.SAI1_B.2.EventEnable=DISABLE
Dma.SAI1_B.2.FIFOMode=DMA_FIFOMODE_ENABLE
Dma.SAI1_B.2.FIFOThreshold=DMA_FIFO_THRESHOLD_FULL
Dma.SAI1_B.2.Instance=DMA1_Stream5
Dma.SAI1_B.2.MemBurst=DMA_MBURST_SINGLE
Dma.SAI1_B.2.MemDataAlignment=DMA_MDATAALIGN_WORD
Dma.SAI1_B.2.MemInc=DMA_MINC_ENABLE
Dma.SAI1_B.2.Mode=DMA_NORMAL
Dma.SAI1_B.2.PeriphBurst=DMA_PBURST_SINGLE
Dma.SAI1_B.2.PeriphDataAlignment=DMA_PDATAALIGN_WORD
Dma.SAI1_B.2.PeriphInc=DMA_PINC_DISABLE
Dma.SAI1_B.2.Polarity=HAL_DMAMUX_REQ_GEN_RISING
Dma.SAI1_B.2.Priority=DMA_PRIORITY_LOW
Dma.SAI1_B.2.RequestNumber=1
Dma.SAI1_B.2.RequestParameters=Instance,Direction,PeriphInc,MemInc,PeriphDataAlignment,MemDataAlignment,Mode,Priority,FIFOMode,FIFOThreshold,MemBurst,PeriphBurst,SignalID,Polarity,RequestNumber,SyncSignalID,SyncPolarity,SyncEnable,EventEnable,SyncRequestNumber
Dma.SAI1_B.2.SignalID=NONE
Dma.SAI1_B.2.SyncEnable=DISABLE
Dma.SAI1_B.2.SyncPolarity=HAL_DMAMUX_SYNC_NO_EVENT
Dma.SAI1_B.2.SyncRequestNumber=1
Dma.SAI1_B.2.SyncSignalID=NONE
Dma.SAI2_A.3.Direction=DMA_PERIPH_TO_MEMORY
Dma.SAI2_A.3.EventEnable=DISABLE
Dma.SAI2_A.3.FIFOMode=DMA_FIFOMODE_ENABLE
Dma.SAI2_A.3.FIFOThreshold=DMA_FIFO_THRESHOLD_FULL
Dma.SAI2_A.3.Instance=DMA1_Stream3
Dma.SAI2_A.3.MemBurst=DMA_MBURST_SINGLE
Dma.SAI2_A.3.MemDataAlignment=DMA_MDATAALIGN_WORD
Dma.SAI2_A.3.MemInc=DMA_MINC_ENABLE
Dma.SAI2_A.3.Mode=DMA_NORMAL
Dma.SAI2_A.3.PeriphBurst=DMA_PBURST_SINGLE
Dma.SAI2_A.3.PeriphDataAlignment=DMA_PDATAALIGN_WORD
Dma.SAI2_A.3.PeriphInc=DMA_PINC_DISABLE
Dma.SAI2_A.3.Polarity=HAL_DMAMUX_REQ_GEN_RISING
Dma.SAI2_A.3.Priority=DMA_PRIORITY_LOW
Dma.SAI2_A.3.RequestNumber=1
Dma.SAI2_A.3.RequestParameters=Instance,Direction,PeriphInc,MemInc,PeriphDataAlignment,MemDataAlignment,Mode,Priority,FIFOMode,FIFOThreshold,MemBurst,PeriphBurst,SignalID,Polarity,RequestNumber,SyncSignalID,SyncPolarity,SyncEnable,EventEnable,SyncRequestNumber
Dma.SAI2_A.3.SignalID=NONE
Dma.SAI2_A.3.SyncEnable=DISABLE
Dma.SAI2_A.3.SyncPolarity=HAL_DMAMUX_SYNC_NO_EVENT
Dma.SAI2_A.3.SyncRequestNumber=1
Dma.SAI2_A.3.SyncSignalID=NONE
Dma.SAI2_B.4.Direction=DMA_PERIPH_TO_MEMORY
Dma.SAI2_B.4.EventEnable=DISABLE
Dma.SAI2_B.4.FIFOMode=DMA_FIFOMODE_ENABLE
Dma.SAI2_B.4.FIFOThreshold=DMA_FIFO_THRESHOLD_FULL
Dma.SAI2_B.4.Instance=DMA1_Stream0
Dma.SAI2_B.4.MemBurst=DMA_MBURST_SINGLE
Dma.SAI2_B.4.MemDataAlignment=DMA_MDATAALIGN_WORD
Dma.SAI2_B.4.MemInc=DMA_MINC_ENABLE
Dma.SAI2_B.4.Mode=DMA_NORMAL
Dma.SAI2_B.4.PeriphBurst=DMA_PBURST_SINGLE
Dma.SAI2_B.4.PeriphDataAlignment=DMA_PDATAALIGN_WORD
Dma.SAI2_B.4.PeriphInc=DMA_PINC_DISABLE
Dma.SAI2_B.4.Polarity=HAL_DMAMUX_REQ_GEN_RISING
Dma.SAI2_B.4.Priority=DMA_PRIORITY_LOW
Dma.SAI2_B.4.RequestNumber=1
Dma.SAI2_B.4.RequestParameters=Instance,Direction,PeriphInc,MemInc,PeriphDataAlignment,MemDataAlignment,Mode,Priority,FIFOMode,FIFOThreshold,MemBurst,PeriphBurst,SignalID,Polarity,RequestNumber,SyncSignalID,SyncPolarity,SyncEnable,EventEnable,SyncRequestNumber
Dma.SAI2_B.4.SignalID=NONE
Dma.SAI2_B.4.SyncEnable=DISABLE
Dma.SAI2_B.4.SyncPolarity=HAL_DMAMUX_SYNC_NO_EVENT
Dma.SAI2_B.4.SyncRequestNumber=1
Dma.SAI2_B.4.SyncSignalID=NONE
Dma.TIM1_TRIG.5.Direction=DMA_MEMORY_TO_PERIPH
Dma.TIM1_TRIG.5.EventEnable=DISABLE
Dma.TIM1_TRIG.5.FIFOMode=DMA_FIFOMODE_DISABLE
Dma.TIM1_TRIG.5.Instance=DMA1_Stream7
Dma.TIM1_TRIG.5.MemDataAlignment=DMA_MDATAALIGN_BYTE
Dma.TIM1_TRIG.5.MemInc=DMA_MINC_ENABLE
Dma.TIM1_TRIG.5.Mode=DMA_CIRCULAR
Dma.TIM1_TRIG.5.PeriphDataAlignment=DMA_PDATAALIGN_BYTE
Dma.TIM1_TRIG.5.PeriphInc=DMA_PINC_DISABLE
Dma.TIM1_TRIG.5.Polarity=HAL_DMAMUX_REQ_GEN_RISING
Dma.TIM1_TRIG.5.Priority=DMA_PRIORITY_LOW
Dma.TIM1_TRIG.5.RequestNumber=1
Dma.TIM1_TRIG.5.RequestParameters=Instance,Direction,PeriphInc,MemInc,PeriphDataAlignment,MemDataAlignment,Mode,Priority,FIFOMode,SignalID,Polarity,RequestNumber,SyncSignalID,SyncPolarity,SyncEnable,EventEnable,SyncRequestNumber
Dma.TIM1_TRIG.5.SignalID=NONE
Dma.TIM1_TRIG.5.SyncEnable=DISABLE
Dma.TIM1_TRIG.5.SyncPolarity=HAL_DMAMUX_SYNC_NO_EVENT
Dma.TIM1_TRIG.5.SyncRequestNumber=1
Dma.TIM1_TRIG.5.SyncSignalID=NONE
Dma.TIM1_UP.9.Direction=DMA_MEMORY_TO_PERIPH
Dma.TIM1_UP.9.EventEnable=DISABLE
Dma.TIM1_UP.9.FIFOMode=DMA_FIFOMODE_DISABLE
Dma.TIM1_UP.9.Instance=DMA2_Stream1
Dma.TIM1_UP.9.MemDataAlignment=DMA_MDATAALIGN_BYTE
Dma.TIM1_UP.9.MemInc=DMA_MINC_ENABLE
Dma.TIM1_UP.9.Mode=DMA_CIRCULAR
Dma.TIM1_UP.9.PeriphDataAlignment=DMA_PDATAALIGN_BYTE
Dma.TIM1_UP.9.PeriphInc=DMA_PINC_DISABLE
Dma.TIM1_UP.9.Polarity=HAL_DMAMUX_REQ_GEN_RISING
Dma.TIM1_UP.9.Priority=DMA_PRIORITY_LOW
Dma.TIM1_UP.9.RequestNumber=1
Dma.TIM1_UP.9.RequestParameters=Instance,Direction,PeriphInc,MemInc,PeriphDataAlignment,MemDataAlignment,Mode,Priority,FIFOMode,SignalID,Polarity,RequestNumber,SyncSignalID,SyncPolarity,SyncEnable,EventEnable,SyncRequestNumber
Dma.TIM1_UP.9.SignalID=NONE
Dma.TIM1_UP.9.SyncEnable=DISABLE
Dma.TIM1_UP.9.SyncPolarity=HAL_DMAMUX_SYNC_NO_EVENT
Dma.TIM1_UP.9.SyncRequestNumber=1
Dma.TIM1_UP.9.SyncSignalID=NONE
Dma.TIM8_CH1.8.Direction=DMA_MEMORY_TO_PERIPH
Dma.TIM8_CH1.8.EventEnable=DISABLE
Dma.TIM8_CH1.8.FIFOMode=DMA_FIFOMODE_DISABLE
Dma.TIM8_CH1.8.Instance=DMA1_Stream6
Dma.TIM8_CH1.8.MemDataAlignment=DMA_MDATAALIGN_BYTE
Dma.TIM8_CH1.8.MemInc=DMA_MINC_ENABLE
Dma.TIM8_CH1.8.Mode=DMA_CIRCULAR
Dma.TIM8_CH1.8.PeriphDataAlignment=DMA_PDATAALIGN_BYTE
Dma.TIM8_CH1.8.PeriphInc=DMA_PINC_DISABLE
Dma.TIM8_CH1.8.Polarity=HAL_DMAMUX_REQ_GEN_RISING
Dma.TIM8_CH1.8.Priority=DMA_PRIORITY_LOW
Dma.TIM8_CH1.8.RequestNumber=1
Dma.TIM8_CH1.8.RequestParameters=Instance,Direction,PeriphInc,MemInc,PeriphDataAlignment,MemDataAlignment,Mode,Priority,FIFOMode,SignalID,Polarity,RequestNumber,SyncSignalID,SyncPolarity,SyncEnable,EventEnable,SyncRequestNumber
Dma.TIM8_CH1.8.SignalID=NONE
Dma.TIM8_CH1.8.SyncEnable=DISABLE
Dma.TIM8_CH1.8.SyncPolarity=HAL_DMAMUX_SYNC_NO_EVENT
Dma.TIM8_CH1.8.SyncRequestNumber=1
Dma.TIM8_CH1.8.SyncSignalID=NONE
Dma.TIM8_CH2.6.Direction=DMA_PERIPH_TO_MEMORY
Dma.TIM8_CH2.6.EventEnable=DISABLE
Dma.TIM8_CH2.6.FIFOMode=DMA_FIFOMODE_DISABLE
Dma.TIM8_CH2.6.Instance=DMA2_Stream0
Dma.TIM8_CH2.6.MemDataAlignment=DMA_MDATAALIGN_WORD
Dma.TIM8_CH2.6.MemInc=DMA_MINC_DISABLE
Dma.TIM8_CH2.6.Mode=DMA_CIRCULAR
Dma.TIM8_CH2.6.PeriphDataAlignment=DMA_PDATAALIGN_WORD
Dma.TIM8_CH2.6.PeriphInc=DMA_PINC_DISABLE
Dma.TIM8_CH2.6.Polarity=HAL_DMAMUX_REQ_GEN_RISING
Dma.TIM8_CH2.6.Priority=DMA_PRIORITY_LOW
Dma.TIM8_CH2.6.RequestNumber=1
Dma.TIM8_CH2.6.RequestParameters=Instance,Direction,PeriphInc,MemInc,PeriphDataAlignment,MemDataAlignment,Mode,Priority,FIFOMode,SignalID,Polarity,RequestNumber,SyncSignalID,SyncPolarity,SyncEnable,EventEnable,SyncRequestNumber
Dma.TIM8_CH2.6.SignalID=NONE
Dma.TIM8_CH2.6.SyncEnable=DISABLE
Dma.TIM8_CH2.6.SyncPolarity=HAL_DMAMUX_SYNC_NO_EVENT
Dma.TIM8_CH2.6.SyncRequestNumber=1
Dma.TIM8_CH2.6.SyncSignalID=NONE
Dma.TIM8_TRIG.7.Direction=DMA_MEMORY_TO_PERIPH
Dma.TIM8_TRIG.7.EventEnable=DISABLE
Dma.TIM8_TRIG.7.FIFOMode=DMA_FIFOMODE_DISABLE
Dma.TIM8_TRIG.7.Instance=DMA1_Stream4
Dma.TIM8_TRIG.7.MemDataAlignment=DMA_MDATAALIGN_BYTE
Dma.TIM8_TRIG.7.MemInc=DMA_MINC_ENABLE
Dma.TIM8_TRIG.7.Mode=DMA_CIRCULAR
Dma.TIM8_TRIG.7.PeriphDataAlignment=DMA_PDATAALIGN_BYTE
Dma.TIM8_TRIG.7.PeriphInc=DMA_PINC_DISABLE
Dma.TIM8_TRIG.7.Polarity=HAL_DMAMUX_REQ_GEN_RISING
Dma.TIM8_TRIG.7.Priority=DMA_PRIORITY_LOW
Dma.TIM8_TRIG.7.RequestNumber=1
Dma.TIM8_TRIG.7.RequestParameters=Instance,Direction,PeriphInc,MemInc,PeriphDataAlignment,MemDataAlignment,Mode,Priority,FIFOMode,SignalID,Polarity,RequestNumber,SyncSignalID,SyncPolarity,SyncEnable,EventEnable,SyncRequestNumber
Dma.TIM8_TRIG.7.SignalID=NONE
Dma.TIM8_TRIG.7.SyncEnable=DISABLE
Dma.TIM8_TRIG.7.SyncPolarity=HAL_DMAMUX_SYNC_NO_EVENT
Dma.TIM8_TRIG.7.SyncRequestNumber=1
Dma.TIM8_TRIG.7.SyncSignalID=NONE
Dma.USART1_RX.10.Direction=DMA_PERIPH_TO_MEMORY
Dma.USART1_RX.10.EventEnable=DISABLE
Dma.USART1_RX.10.FIFOMode=DMA_FIFOMODE_ENABLE
Dma.USART1_RX.10.FIFOThreshold=DMA_FIFO_THRESHOLD_FULL
Dma.USART1_RX.10.Instance=DMA2_Stream4
Dma.USART1_RX.10.MemBurst=DMA_MBURST_SINGLE
Dma.USART1_RX.10.MemDataAlignment=DMA_MDATAALIGN_BYTE
Dma.USART1_RX.10.MemInc=DMA_MINC_ENABLE
Dma.USART1_RX.10.Mode=DMA_NORMAL
Dma.USART1_RX.10.PeriphBurst=DMA_PBURST_SINGLE
Dma.USART1_RX.10.PeriphDataAlignment=DMA_PDATAALIGN_BYTE
Dma.USART1_RX.10.PeriphInc=DMA_PINC_DISABLE
Dma.USART1_RX.10.Polarity=HAL_DMAMUX_REQ_GEN_RISING
Dma.USART1_RX.10.Priority=DMA_PRIORITY_LOW
Dma.USART1_RX.10.RequestNumber=1
Dma.USART1_RX.10.RequestParameters=Instance,Direction,PeriphInc,MemInc,PeriphDataAlignment,MemDataAlignment,Mode,Priority,FIFOMode,FIFOThreshold,MemBurst,PeriphBurst,SignalID,Polarity,RequestNumber,SyncSignalID,SyncPolarity,SyncEnable,EventEnable,SyncRequestNumber
Dma.USART1_RX.10.SignalID=NONE
Dma.USART1_RX.10.SyncEnable=DISABLE
Dma.USART1_RX.10.SyncPolarity=HAL_DMAMUX_SYNC_NO_EVENT
Dma.USART1_RX.10.SyncRequestNumber=1
Dma.USART1_RX.10.SyncSignalID=NONE
Dma.USART1_TX.0.Direction=DMA_MEMORY_TO_PERIPH
Dma.USART1_TX.0.EventEnable=DISABLE
Dma.USART1_TX.0.FIFOMode=DMA_FIFOMODE_ENABLE
Dma.USART1_TX.0.FIFOThreshold=DMA_FIFO_THRESHOLD_FULL
Dma.USART1_TX.0.Instance=DMA1_Stream2
Dma.USART1_TX.0.MemBurst=DMA_MBURST_SINGLE
Dma.USART1_TX.0.MemDataAlignment=DMA_MDATAALIGN_BYTE
Dma.USART1_TX.0.MemInc=DMA_MINC_ENABLE
Dma.USART1_TX.0.Mode=DMA_NORMAL
Dma.USART1_TX.0.PeriphBurst=DMA_PBURST_SINGLE
Dma.USART1_TX.0.PeriphDataAlignment=DMA_PDATAALIGN_BYTE
Dma.USART1_TX.0.PeriphInc=DMA_PINC_DISABLE
Dma.USART1_TX.0.Polarity=HAL_DMAMUX_REQ_GEN_RISING
Dma.USART1_TX.0.Priority=DMA_PRIORITY_LOW
Dma.USART1_TX.0.RequestNumber=1
Dma.USART1_TX.0.RequestParameters=Instance,Direction,PeriphInc,MemInc,PeriphDataAlignment,MemDataAlignment,Mode,Priority,FIFOMode,FIFOThreshold,MemBurst,PeriphBurst,SignalID,Polarity,RequestNumber,SyncSignalID,SyncPolarity,SyncEnable,EventEnable,SyncRequestNumber
Dma.USART1_TX.0.SignalID=NONE
Dma.USART1_TX.0.SyncEnable=DISABLE
Dma.USART1_TX.0.SyncPolarity=HAL_DMAMUX_SYNC_NO_EVENT
Dma.USART1_TX.0.SyncRequestNumber=1
Dma.USART1_TX.0.SyncSignalID=NONE
FATFS.BSP.number=1
FATFS.IPParameters=_USE_LFN,_MAX_SS,_MULTI_PARTITION,_FS_EXFAT,_USE_EXPAND,_USE_CHMOD,_USE_LABEL,_USE_FORWARD,_USE_FIND,_CODE_PAGE,_LFN_UNICODE,_FS_RPATH,_USE_TRIM,USE_DMA_CODE_SD,_FS_LOCK,_STRF_ENCODE
FATFS.USE_DMA_CODE_SD=0
FATFS._CODE_PAGE=437
FATFS._FS_EXFAT=1
FATFS._FS_LOCK=100
FATFS._FS_RPATH=2
FATFS._LFN_UNICODE=0
FATFS._MAX_SS=4096
FATFS._MULTI_PARTITION=0
FATFS._STRF_ENCODE=0
FATFS._USE_CHMOD=1
FATFS._USE_EXPAND=1
FATFS._USE_FIND=1
FATFS._USE_FORWARD=1
FATFS._USE_LABEL=1
FATFS._USE_LFN=1
FATFS._USE_TRIM=1
FATFS0.BSP.STBoard=false
FATFS0.BSP.api=Unknown
FATFS0.BSP.component=
FATFS0.BSP.condition=
FATFS0.BSP.i2caddr=0
FATFS0.BSP.i2creg=
FATFS0.BSP.instance=PC7
FATFS0.BSP.ip=GPIO
FATFS0.BSP.mode=Input
FATFS0.BSP.name=Detect_SDIO
FATFS0.BSP.semaphore=
FATFS0.BSP.solution=PC7
File.Version=6
GPIO.groupedBy=Group By Peripherals
KeepUserPlacement=false
Mcu.Family=STM32H7
Mcu.IP0=CORTEX_M7
Mcu.IP1=DEBUG
Mcu.IP10=SAI3
Mcu.IP11=SAI4
Mcu.IP12=SDMMC1
Mcu.IP13=SPI1
Mcu.IP14=SPI2
Mcu.IP15=SPI3
Mcu.IP16=SPI4
Mcu.IP17=SPI6
Mcu.IP18=SYS
Mcu.IP19=TIM1
Mcu.IP2=DMA
Mcu.IP20=TIM8
Mcu.IP21=USART1
Mcu.IP22=USB_DEVICE
Mcu.IP23=USB_OTG_HS
Mcu.IP3=FATFS
Mcu.IP4=I2C1
Mcu.IP5=I2C2
Mcu.IP6=NVIC
Mcu.IP7=RCC
Mcu.IP8=SAI1
Mcu.IP9=SAI2
Mcu.IPNb=24
Mcu.Name=STM32H743ZITx
Mcu.Package=LQFP144
Mcu.Pin0=PE3
Mcu.Pin1=PE4
Mcu.Pin10=PF8
Mcu.Pin11=PF9
Mcu.Pin12=PF10
Mcu.Pin13=PC1
Mcu.Pin14=PC2_C
Mcu.Pin15=PC3_C
Mcu.Pin16=PA0
Mcu.Pin17=PA2
Mcu.Pin18=PA4
Mcu.Pin19=PA5
Mcu.Pin2=PE5
Mcu.Pin20=PA6
Mcu.Pin21=PA7
Mcu.Pin22=PC5
Mcu.Pin23=PB0
Mcu.Pin24=PB1
Mcu.Pin25=PB2
Mcu.Pin26=PE7
Mcu.Pin27=PE9
Mcu.Pin28=PE11
Mcu.Pin29=PE12
Mcu.Pin3=PC13
Mcu.Pin30=PE13
Mcu.Pin31=PE14
Mcu.Pin32=PB12
Mcu.Pin33=PB13
Mcu.Pin34=PB14
Mcu.Pin35=PB15
Mcu.Pin36=PD9
Mcu.Pin37=PD11
Mcu.Pin38=PD12
Mcu.Pin39=PD13
Mcu.Pin4=PF0
Mcu.Pin40=PG2
Mcu.Pin41=PG3
Mcu.Pin42=PG4
Mcu.Pin43=PG8
Mcu.Pin44=PC6
Mcu.Pin45=PC7
Mcu.Pin46=PC8
Mcu.Pin47=PC9
Mcu.Pin48=PA9
Mcu.Pin49=PA10
Mcu.Pin5=PF1
Mcu.Pin50=PA11
Mcu.Pin51=PA12
Mcu.Pin52=PA13 (JTMS/SWDIO)
Mcu.Pin53=PA14 (JTCK/SWCLK)
Mcu.Pin54=PA15 (JTDI)
Mcu.Pin55=PC10
Mcu.Pin56=PC11
Mcu.Pin57=PC12
Mcu.Pin58=PD1
Mcu.Pin59=PD2
Mcu.Pin6=PF4
Mcu.Pin60=PD4
Mcu.Pin61=PD5
Mcu.Pin62=PD6
Mcu.Pin63=PG9
Mcu.Pin64=PG10
Mcu.Pin65=PG12
Mcu.Pin66=PG13
Mcu.Pin67=PG14
Mcu.Pin68=PB3 (JTDO/TRACESWO)
Mcu.Pin69=PB4 (NJTRST)
Mcu.Pin7=PF5
Mcu.Pin70=PB5
Mcu.Pin71=PB6
Mcu.Pin72=PB7
Mcu.Pin73=PB8
Mcu.Pin74=PB9
Mcu.Pin75=PE1
Mcu.Pin76=VP_FATFS_VS_SDIO
Mcu.Pin77=VP_SAI1_VP_$IpInstance_SAIA_SAI_BASIC
Mcu.Pin78=VP_SAI1_VP_$IpInstance_SAIB_SAI_BASIC
Mcu.Pin79=VP_SAI2_VP_$IpInstance_SAIA_SAI_BASIC
Mcu.Pin8=PF6
Mcu.Pin80=VP_SAI2_VP_$IpInstance_SAIB_SAI_BASIC
Mcu.Pin81=VP_SAI3_VP_$IpInstance_SAIA_SAI_BASIC
Mcu.Pin82=VP_SAI3_VP_$IpInstance_SAIB_SAI_BASIC
Mcu.Pin83=VP_SAI4_VP_$IpInstance_SAIA_SAI_BASIC
Mcu.Pin84=VP_SAI4_VP_$IpInstance_SAIB_SAI_BASIC
Mcu.Pin85=VP_SYS_VS_Systick
Mcu.Pin86=VP_TIM1_VS_ControllerModeCombinedResetTrigger
Mcu.Pin87=VP_TIM8_VS_ControllerModeClock
Mcu.Pin88=VP_TIM8_VS_ClockSourceITR
Mcu.Pin89=VP_USB_DEVICE_VS_USB_DEVICE_CDC_HS
Mcu.Pin9=PF7
Mcu.PinsNb=90
Mcu.ThirdPartyNb=0
Mcu.UserConstants=
Mcu.UserName=STM32H743ZITx
MxCube.Version=5.5.0
MxDb.Version=DB.5.0.50
NVIC.BusFault_IRQn=true\:0\:0\:false\:false\:true\:false\:false
NVIC.DMA1_Stream0_IRQn=true\:0\:0\:false\:false\:true\:false\:true
NVIC.DMA1_Stream1_IRQn=true\:0\:0\:false\:false\:true\:false\:true
NVIC.DMA1_Stream2_IRQn=true\:0\:0\:false\:false\:true\:false\:true
NVIC.DMA1_Stream3_IRQn=true\:0\:0\:false\:false\:true\:false\:true
NVIC.DMA1_Stream4_IRQn=true\:0\:0\:false\:false\:true\:true\:true
NVIC.DMA1_Stream5_IRQn=true\:0\:0\:false\:false\:true\:false\:true
NVIC.DMA1_Stream6_IRQn=true\:0\:0\:false\:false\:true\:true\:true
NVIC.DMA1_Stream7_IRQn=true\:0\:0\:false\:false\:true\:false\:true
NVIC.DMA2_Stream0_IRQn=true\:0\:0\:false\:false\:true\:true\:true
NVIC.DMA2_Stream1_IRQn=true\:0\:0\:false\:false\:true\:false\:true
NVIC.DMA2_Stream4_IRQn=true\:0\:0\:false\:false\:true\:false\:true
NVIC.DebugMonitor_IRQn=true\:0\:0\:false\:false\:true\:false\:false
NVIC.EXTI0_IRQn=true\:0\:0\:false\:false\:true\:true\:true
NVIC.FLASH_IRQn=true\:0\:0\:false\:false\:true\:true\:true
NVIC.FPU_IRQn=true\:0\:0\:false\:false\:true\:true\:false
NVIC.ForceEnableDMAVector=true
NVIC.HSEM1_IRQn=true\:0\:0\:false\:false\:true\:true\:true
NVIC.HardFault_IRQn=true\:0\:0\:false\:false\:true\:false\:false
NVIC.I2C1_ER_IRQn=true\:0\:0\:false\:false\:true\:true\:true
NVIC.I2C1_EV_IRQn=true\:0\:0\:false\:false\:true\:true\:true
NVIC.I2C2_ER_IRQn=true\:0\:0\:false\:false\:true\:true\:true
NVIC.I2C2_EV_IRQn=true\:0\:0\:false\:false\:true\:true\:true
NVIC.MemoryManagement_IRQn=true\:0\:0\:false\:false\:true\:false\:false
NVIC.NonMaskableInt_IRQn=true\:0\:0\:false\:false\:true\:false\:false
NVIC.OTG_HS_EP1_IN_IRQn=true\:1\:0\:true\:false\:true\:true\:true
NVIC.OTG_HS_EP1_OUT_IRQn=true\:1\:0\:true\:false\:true\:true\:true
NVIC.OTG_HS_IRQn=true\:1\:0\:true\:false\:true\:false\:true
NVIC.PVD_AVD_IRQn=true\:0\:0\:false\:false\:true\:true\:true
NVIC.PendSV_IRQn=true\:0\:0\:false\:false\:true\:false\:false
NVIC.PriorityGroup=NVIC_PRIORITYGROUP_4
NVIC.RCC_IRQn=true\:0\:0\:false\:false\:true\:true\:false
NVIC.SAI1_IRQn=true\:0\:0\:false\:false\:true\:true\:true
NVIC.SAI2_IRQn=true\:0\:0\:false\:false\:true\:true\:true
NVIC.SAI3_IRQn=true\:0\:0\:false\:false\:true\:true\:true
NVIC.SAI4_IRQn=true\:0\:0\:false\:false\:true\:true\:true
NVIC.SDMMC1_IRQn=true\:1\:0\:true\:false\:true\:true\:true
NVIC.SPI1_IRQn=true\:0\:0\:false\:false\:true\:true\:true
NVIC.SPI2_IRQn=true\:0\:0\:false\:false\:true\:true\:true
NVIC.SPI3_IRQn=true\:0\:0\:false\:false\:true\:true\:true
NVIC.SPI4_IRQn=true\:0\:0\:false\:false\:true\:true\:true
NVIC.SPI6_IRQn=true\:0\:0\:false\:false\:true\:true\:true
NVIC.SVCall_IRQn=true\:0\:0\:false\:false\:true\:false\:false
NVIC.SysTick_IRQn=true\:0\:0\:false\:false\:true\:false\:true
NVIC.TIM1_BRK_IRQn=true\:0\:0\:false\:false\:true\:true\:true
NVIC.TIM1_CC_IRQn=true\:0\:0\:false\:false\:true\:true\:true
NVIC.TIM1_TRG_COM_IRQn=true\:0\:0\:false\:false\:true\:true\:true
NVIC.TIM1_UP_IRQn=true\:0\:0\:false\:false\:true\:true\:true
NVIC.TIM8_BRK_TIM12_IRQn=true\:0\:0\:false\:false\:true\:true\:true
NVIC.TIM8_CC_IRQn=true\:0\:0\:false\:false\:true\:true\:true
NVIC.TIM8_TRG_COM_TIM14_IRQn=true\:0\:0\:false\:false\:true\:true\:true
NVIC.TIM8_UP_TIM13_IRQn=true\:0\:0\:false\:false\:true\:true\:true
NVIC.USART1_IRQn=true\:0\:0\:false\:false\:true\:true\:true
NVIC.UsageFault_IRQn=true\:0\:0\:false\:false\:true\:false\:false
PA0.Locked=true
PA0.Signal=SharedStack_PA0
PA0.Stacked=true
PA10.Locked=true
PA10.Mode=Asynchronous
PA10.Signal=USART1_RX
PA11.Locked=true
PA11.Signal=USART1_CTS
PA12.Locked=true
PA12.Signal=USART1_RTS
PA13\ (JTMS/SWDIO).Locked=true
PA13\ (JTMS/SWDIO).Mode=Serial_Wire
PA13\ (JTMS/SWDIO).Signal=DEBUG_JTMS-SWDIO
PA14\ (JTCK/SWCLK).Locked=true
PA14\ (JTCK/SWCLK).Mode=Serial_Wire
PA14\ (JTCK/SWCLK).Signal=DEBUG_JTCK-SWCLK
PA15\ (JTDI).Locked=true
PA15\ (JTDI).Mode=NSS_Signal_Hard_Output
PA15\ (JTDI).Signal=SPI3_NSS
PA2.Locked=true
PA2.Mode=SAI_B_AsyncSlave
PA2.Signal=SAI2_SCK_B
PA4.GPIOParameters=GPIO_Label
PA4.GPIO_Label=SPI1_NSS
PA4.Locked=true
PA4.Signal=SharedStack_PA4
PA4.Stacked=true
PA5.Locked=true
PA5.Mode=Full_Duplex_Master
PA5.Signal=SPI1_SCK
PA6.Locked=true
PA6.Mode=Full_Duplex_Master
PA6.Signal=SPI1_MISO
PA7.Locked=true
PA7.Mode=Full_Duplex_Master
PA7.Signal=SPI1_MOSI
PA9.Locked=true
PA9.Mode=Asynchronous
PA9.Signal=USART1_TX
PB0.GPIOParameters=GPIO_Label
PB0.GPIO_Label=ADC1_DRDY
PB0.Locked=true
PB0.Signal=GPXTI0
PB1.GPIOParameters=GPIO_Label
PB1.GPIO_Label=ADC3_RESET
PB1.Locked=true
PB1.Signal=GPIO_Output
PB12.GPIOParameters=GPIO_Label
PB12.GPIO_Label=SPI2_NSS
PB12.Locked=true
PB12.Signal=SharedStack_PB12
PB12.Stacked=true
PB13.Locked=true
PB13.Mode=Full_Duplex_Master
PB13.Signal=SPI2_SCK
PB14.GPIOParameters=GPIO_Speed
PB14.GPIO_Speed=GPIO_SPEED_FREQ_LOW
PB14.Locked=true
PB14.Mode=Device_Only_FS
PB14.Signal=USB_OTG_HS_DM
PB15.GPIOParameters=GPIO_Speed
PB15.GPIO_Speed=GPIO_SPEED_FREQ_LOW
PB15.Locked=true
PB15.Mode=Device_Only_FS
PB15.Signal=USB_OTG_HS_DP
PB2.GPIOParameters=GPIO_Label
PB2.GPIO_Label=BOOT1
PB2.Locked=true
PB2.Signal=GPIO_Input
PB3\ (JTDO/TRACESWO).Locked=true
PB3\ (JTDO/TRACESWO).Mode=Full_Duplex_Master
PB3\ (JTDO/TRACESWO).Signal=SPI3_SCK
PB4\ (NJTRST).Locked=true
PB4\ (NJTRST).Mode=Full_Duplex_Master
PB4\ (NJTRST).Signal=SPI3_MISO
PB5.Locked=true
PB5.Mode=Full_Duplex_Master
PB5.Signal=SPI3_MOSI
PB6.Locked=true
PB6.Mode=I2C
PB6.Signal=I2C1_SCL
PB7.Locked=true
PB7.Mode=I2C
PB7.Signal=I2C1_SDA
PB8.GPIOParameters=GPIO_Label
PB8.GPIO_Label=ACC_INT1
PB8.Locked=true
PB8.Signal=GPXTI8
PB9.GPIOParameters=GPIO_Label
PB9.GPIO_Label=ACC_SDO_SAO
PB9.Locked=true
PB9.Signal=GPIO_Output
PC1.Locked=true
PC1.Mode=SAI_A_AsyncSlave
PC1.Signal=SAI1_SD_A
PC10.Locked=true
PC10.Mode=SD_4_bits_Wide_bus
PC10.Signal=SDMMC1_D2
PC11.Locked=true
PC11.Mode=SD_4_bits_Wide_bus
PC11.Signal=SDMMC1_D3
PC12.Locked=true
PC12.Mode=SD_4_bits_Wide_bus
PC12.Signal=SDMMC1_CK
PC13.GPIOParameters=GPIO_Label
PC13.GPIO_Label=ADC2_DRDY
PC13.Locked=true
PC13.Signal=GPXTI13
PC2_C.Locked=true
PC2_C.Mode=Full_Duplex_Master
PC2_C.Signal=SPI2_MISO
PC3_C.Locked=true
PC3_C.Mode=Full_Duplex_Master
PC3_C.Signal=SPI2_MOSI
PC5.GPIOParameters=GPIO_Label
PC5.GPIO_Label=ADC3_START
PC5.Locked=true
PC5.Signal=GPIO_Output
PC6.Locked=true
PC6.Signal=S_TIM8_CH1
PC7.GPIOParameters=GPIO_Label
PC7.GPIO_Label=SDMMC1_DETECT
PC7.Locked=true
PC7.Signal=GPIO_Input
PC8.Locked=true
PC8.Mode=SD_4_bits_Wide_bus
PC8.Signal=SDMMC1_D0
PC9.Locked=true
PC9.Mode=SD_4_bits_Wide_bus
PC9.Signal=SDMMC1_D1
PD1.Locked=true
PD1.Mode=SAI_A_SyncSlave
PD1.Signal=SAI3_SD_A
PD11.Locked=true
PD11.Mode=SAI_A_AsyncSlave
PD11.Signal=SAI2_SD_A
PD12.Locked=true
PD12.Mode=SAI_A_AsyncSlave
PD12.Signal=SAI2_FS_A
PD13.Locked=true
PD13.Mode=SAI_A_AsyncSlave
PD13.Signal=SAI2_SCK_A
PD2.Locked=true
PD2.Mode=SD_4_bits_Wide_bus
PD2.Signal=SDMMC1_CMD
PD4.GPIOParameters=GPIO_Label
PD4.GPIO_Label=ADC1_START
PD4.Locked=true
PD4.Signal=GPIO_Output
PD5.GPIOParameters=GPIO_Label
PD5.GPIO_Label=ADC1_RESET
PD5.Locked=true
PD5.Signal=GPIO_Output
PD6.Locked=true
PD6.Mode=SAI_A_SyncSlave
PD6.Signal=SAI4_SD_A
PD9.Locked=true
PD9.Mode=SAI_B_SyncSlave
PD9.Signal=SAI3_SD_B
PE1.GPIOParameters=GPIO_Label
PE1.GPIO_Label=ACC_INT2
PE1.Locked=true
PE1.Signal=GPXTI1
PE11.Locked=true
PE11.Mode=NSS_Signal_Hard_Output
PE11.Signal=SPI4_NSS
PE12.Locked=true
PE12.Mode=Full_Duplex_Master
PE12.Signal=SPI4_SCK
PE13.Mode=Full_Duplex_Master
PE13.Signal=SPI4_MISO
PE14.Locked=true
PE14.Mode=Full_Duplex_Master
PE14.Signal=SPI4_MOSI
PE3.Locked=true
PE3.Mode=SAI_B_SyncSlave
PE3.Signal=SAI4_SD_B
PE4.Locked=true
PE4.Mode=SAI_A_AsyncSlave
PE4.Signal=SAI1_FS_A
PE5.Locked=true
PE5.Mode=SAI_A_AsyncSlave
PE5.Signal=SAI1_SCK_A
PE7.Locked=true
PE7.Signal=S_TIM1_ETR
PE9.Locked=true
PE9.Signal=S_TIM1_CH1
PF0.Locked=true
PF0.Mode=I2C
PF0.Signal=I2C2_SDA
PF1.Locked=true
PF1.Mode=I2C
PF1.Signal=I2C2_SCL
PF10.GPIOParameters=GPIO_Label
PF10.GPIO_Label=ADC3_DRDY
PF10.Locked=true
PF10.Signal=GPXTI10
PF4.GPIOParameters=GPIO_Label
PF4.GPIO_Label=ADC2_START
PF4.Locked=true
PF4.Signal=GPIO_Output
PF5.GPIOParameters=GPIO_Label
PF5.GPIO_Label=ADC2_RESET
PF5.Locked=true
PF5.Signal=GPIO_Output
PF6.Locked=true
PF6.Mode=SAI_B_AsyncSlave
PF6.Signal=SAI1_SD_B
PF7.GPIOParameters=PinState,GPIO_Label
PF7.GPIO_Label=ISO_USB_PIN
PF7.Locked=true
PF7.PinState=GPIO_PIN_SET
PF7.Signal=GPIO_Output
PF8.Locked=true
PF8.Mode=SAI_B_AsyncSlave
PF8.Signal=SAI1_SCK_B
PF9.Locked=true
PF9.Mode=SAI_B_AsyncSlave
PF9.Signal=SAI1_FS_B
PG10.Locked=true
PG10.Mode=SAI_B_AsyncSlave
PG10.Signal=SAI2_SD_B
PG12.Locked=true
PG12.Mode=Full_Duplex_Master
PG12.Signal=SPI6_MISO
PG13.Locked=true
PG13.Mode=Full_Duplex_Master
PG13.Signal=SPI6_SCK
PG14.Locked=true
PG14.Mode=Full_Duplex_Master
PG14.Signal=SPI6_MOSI
PG2.GPIOParameters=GPIO_Label
PG2.GPIO_Label=ADC4_START
PG2.Locked=true
PG2.Signal=GPIO_Output
PG3.GPIOParameters=GPIO_Label
PG3.GPIO_Label=ADC4_RESET
PG3.Locked=true
PG3.Signal=GPIO_Output
PG4.GPIOParameters=GPIO_Label
PG4.GPIO_Label=ADC4_DRDY
PG4.Locked=true
PG4.Signal=GPXTI4
PG8.Locked=true
PG8.Mode=NSS_Signal_Hard_Output
PG8.Signal=SPI6_NSS
PG9.Locked=true
PG9.Mode=SAI_B_AsyncSlave
PG9.Signal=SAI2_FS_B
PinOutPanel.RotationAngle=0
ProjectManager.AskForMigrate=true
ProjectManager.BackupPrevious=false
ProjectManager.CompilerOptimize=6
ProjectManager.ComputerToolchain=false
ProjectManager.CoupleFile=false
ProjectManager.CustomerFirmwarePackage=
ProjectManager.DefaultFWLocation=true
ProjectManager.DeletePrevious=true
ProjectManager.DeviceId=STM32H743ZITx
ProjectManager.FirmwarePackage=STM32Cube FW_H7 V1.6.0
ProjectManager.FreePins=false
ProjectManager.HalAssertFull=false
ProjectManager.HeapSize=0x200
ProjectManager.KeepUserCode=true
ProjectManager.LastFirmware=true
ProjectManager.LibraryCopy=1
ProjectManager.MainLocation=Src
ProjectManager.NoMain=false
ProjectManager.PreviousToolchain=SW4STM32
ProjectManager.ProjectBuild=false
ProjectManager.ProjectFileName=STM32H743ZI_alpha1.5_SD_CDC.ioc
ProjectManager.ProjectName=STM32H743ZI_alpha1.5_SD_CDC
ProjectManager.RegisterCallBack=
ProjectManager.StackSize=0x400
ProjectManager.TargetToolchain=SW4STM32
ProjectManager.ToolChainLocation=
ProjectManager.UnderRoot=true
ProjectManager.functionlistsort=1-MX_GPIO_Init-GPIO-false-HAL-true,2-MX_DMA_Init-DMA-false-HAL-true,3-SystemClock_Config-RCC-false-HAL-false,4-MX_SAI1_Init-SAI1-false-HAL-true,5-MX_SAI2_Init-SAI2-false-HAL-true,6-MX_SAI3_Init-SAI3-false-HAL-true,7-MX_SAI4_Init-SAI4-false-HAL-true,8-MX_SPI1_Init-SPI1-false-HAL-true,9-MX_SPI2_Init-SPI2-false-HAL-true,10-MX_SPI3_Init-SPI3-false-HAL-true,11-MX_SPI4_Init-SPI4-false-HAL-true,12-MX_SPI6_Init-SPI6-false-HAL-true,13-MX_USART1_UART_Init-USART1-false-HAL-true,14-MX_TIM1_Init-TIM1-false-HAL-true,15-MX_TIM8_Init-TIM8-false-HAL-true,16-MX_I2C1_Init-I2C1-false-HAL-true,17-MX_I2C2_Init-I2C2-false-HAL-true,18-MX_SDMMC1_SD_Init-SDMMC1-false-HAL-true,19-MX_USB_DEVICE_Init-USB_DEVICE-false-HAL-false,20-MX_FATFS_Init-FATFS-false-HAL-false,0-MX_CORTEX_M7_Init-CORTEX_M7-false-HAL-true
RCC.ADCFreq_Value=150000000
RCC.AHB12Freq_Value=40000000
RCC.AHB4Freq_Value=40000000
RCC.APB1Freq_Value=20000000
RCC.APB2Freq_Value=20000000
RCC.APB3Freq_Value=20000000
RCC.APB4Freq_Value=20000000
RCC.AXIClockFreq_Value=40000000
RCC.CECFreq_Value=32000
RCC.CKPERFreq_Value=64000000
RCC.CortexFreq_Value=80000000
RCC.CpuClockFreq_Value=80000000
RCC.D1CPREFreq_Value=80000000
RCC.D1PPRE=RCC_APB3_DIV2
RCC.D2PPRE1=RCC_APB1_DIV2
RCC.D2PPRE2=RCC_APB2_DIV2
RCC.D3PPRE=RCC_APB4_DIV2
RCC.DFSDMACLkFreq_Value=64000000
RCC.DFSDMFreq_Value=20000000
RCC.DIVM1=4
RCC.DIVM2=4
RCC.DIVM3=16
RCC.DIVN1=10
RCC.DIVN2=9
RCC.DIVN3=120
RCC.DIVP1Freq_Value=80000000
RCC.DIVP2=1
RCC.DIVP2Freq_Value=150000000
RCC.DIVP3Freq_Value=240000000
RCC.DIVQ1Freq_Value=80000000
RCC.DIVQ2=1
RCC.DIVQ2Freq_Value=150000000
RCC.DIVQ3Freq_Value=240000000
RCC.DIVR1Freq_Value=80000000
RCC.DIVR2=1
RCC.DIVR2Freq_Value=150000000
RCC.DIVR3Freq_Value=240000000
RCC.FDCANFreq_Value=80000000
RCC.FMCFreq_Value=40000000
RCC.FamilyName=M
RCC.HCLK3ClockFreq_Value=40000000
RCC.HCLKFreq_Value=40000000
RCC.HPRE=RCC_HCLK_DIV2
RCC.HRTIMFreq_Value=40000000
RCC.HSE_VALUE=32000000
RCC.I2C123CLockSelection=RCC_I2C123CLKSOURCE_HSI
RCC.I2C123Freq_Value=64000000
RCC.I2C4Freq_Value=20000000
RCC.IPParameters=ADCFreq_Value,AHB12Freq_Value,AHB4Freq_Value,APB1Freq_Value,APB2Freq_Value,APB3Freq_Value,APB4Freq_Value,AXIClockFreq_Value,CECFreq_Value,CKPERFreq_Value,CortexFreq_Value,CpuClockFreq_Value,D1CPREFreq_Value,D1PPRE,D2PPRE1,D2PPRE2,D3PPRE,DFSDMACLkFreq_Value,DFSDMFreq_Value,DIVM1,DIVM2,DIVM3,DIVN1,DIVN2,DIVN3,DIVP1Freq_Value,DIVP2,DIVP2Freq_Value,DIVP3Freq_Value,DIVQ1Freq_Value,DIVQ2,DIVQ2Freq_Value,DIVQ3Freq_Value,DIVR1Freq_Value,DIVR2,DIVR2Freq_Value,DIVR3Freq_Value,FDCANFreq_Value,FMCFreq_Value,FamilyName,HCLK3ClockFreq_Value,HCLKFreq_Value,HPRE,HRTIMFreq_Value,HSE_VALUE,I2C123CLockSelection,I2C123Freq_Value,I2C4Freq_Value,LPTIM1Freq_Value,LPTIM2Freq_Value,LPTIM345CLockSelection,LPTIM345Freq_Value,LPUART1Freq_Value,LTDCFreq_Value,MCO1PinFreq_Value,MCO2PinFreq_Value,PLL2FRACN,PLL3FRACN,PLLFRACN,QSPIFreq_Value,RNGFreq_Value,RTCFreq_Value,SAI1CLockSelection,SAI1Freq_Value,SAI23CLockSelection,SAI23Freq_Value,SAI4ACLockSelection,SAI4AFreq_Value,SAI4BCLockSelection,SAI4BFreq_Value,SDMMC1CLockSelection,SDMMCFreq_Value,SPDIFRXFreq_Value,SPI123CLockSelection,SPI123Freq_Value,SPI45Freq_Value,SPI6CLockSelection,SPI6Freq_Value,SWPMI1Freq_Value,SYSCLKFreq_VALUE,SYSCLKSource,Spi45ClockSelection,Tim1OutputFreq_Value,Tim2OutputFreq_Value,TraceFreq_Value,USART16CLockSelection,USART16Freq_Value,USART234578Freq_Value,USBCLockSelection,USBFreq_Value,VCO1OutputFreq_Value,VCO2OutputFreq_Value,VCO3OutputFreq_Value,VCOInput1Freq_Value,VCOInput2Freq_Value,VCOInput3Freq_Value
RCC.LPTIM1Freq_Value=20000000
RCC.LPTIM2Freq_Value=20000000
RCC.LPTIM345CLockSelection=RCC_LPTIM345CLKSOURCE_PLL3
RCC.LPTIM345Freq_Value=240000000
RCC.LPUART1Freq_Value=20000000
RCC.LTDCFreq_Value=240000000
RCC.MCO1PinFreq_Value=64000000
RCC.MCO2PinFreq_Value=80000000
RCC.PLL2FRACN=3072
RCC.PLL3FRACN=0
RCC.PLLFRACN=0
RCC.QSPIFreq_Value=40000000
RCC.RNGFreq_Value=48000000
RCC.RTCFreq_Value=32000
RCC.SAI1CLockSelection=RCC_SAI1CLKSOURCE_CLKP
RCC.SAI1Freq_Value=64000000
RCC.SAI23CLockSelection=RCC_SAI23CLKSOURCE_CLKP
RCC.SAI23Freq_Value=64000000
RCC.SAI4ACLockSelection=RCC_SAI4ACLKSOURCE_CLKP
RCC.SAI4AFreq_Value=64000000
RCC.SAI4BCLockSelection=RCC_SAI4BCLKSOURCE_CLKP
RCC.SAI4BFreq_Value=64000000
RCC.SDMMC1CLockSelection=RCC_SDMMCCLKSOURCE_PLL2
RCC.SDMMCFreq_Value=150000000
RCC.SPDIFRXFreq_Value=80000000
RCC.SPI123CLockSelection=RCC_SPI123CLKSOURCE_PLL2
RCC.SPI123Freq_Value=150000000
RCC.SPI45Freq_Value=150000000
RCC.SPI6CLockSelection=RCC_SPI6CLKSOURCE_PLL2
RCC.SPI6Freq_Value=150000000
RCC.SWPMI1Freq_Value=20000000
RCC.SYSCLKFreq_VALUE=80000000
RCC.SYSCLKSource=RCC_SYSCLKSOURCE_PLLCLK
RCC.Spi45ClockSelection=RCC_SPI45CLKSOURCE_PLL2
RCC.Tim1OutputFreq_Value=40000000
RCC.Tim2OutputFreq_Value=40000000
RCC.TraceFreq_Value=80000000
RCC.USART16CLockSelection=RCC_USART16CLKSOURCE_HSI
RCC.USART16Freq_Value=64000000
RCC.USART234578Freq_Value=20000000
RCC.USBCLockSelection=RCC_USBCLKSOURCE_HSI48
RCC.USBFreq_Value=48000000
RCC.VCO1OutputFreq_Value=160000000
RCC.VCO2OutputFreq_Value=150000000
RCC.VCO3OutputFreq_Value=480000000
RCC.VCOInput1Freq_Value=16000000
RCC.VCOInput2Freq_Value=16000000
RCC.VCOInput3Freq_Value=4000000
SAI1.BasicDataSize-SAI_A_AsyncSlave=SAI_PROTOCOL_DATASIZE_32BIT
SAI1.BasicDataSize-SAI_B_AsyncSlave=SAI_PROTOCOL_DATASIZE_32BIT
SAI1.BasicProtocol-SAI_A_AsyncSlave=SAI_PCM_SHORT
SAI1.BasicProtocol-SAI_B_AsyncSlave=SAI_PCM_SHORT
SAI1.BasicSlotNumber-SAI_A_AsyncSlave=8
SAI1.BasicSlotNumber-SAI_B_AsyncSlave=8
SAI1.IPParameters=Instance-SAI_A_AsyncSlave,VirtualMode-SAI_A_AsyncSlave,InitProtocol-SAI_A_AsyncSlave,VirtualProtocol-SAI_A_BASIC,BasicProtocol-SAI_A_AsyncSlave,BasicDataSize-SAI_A_AsyncSlave,BasicSlotNumber-SAI_A_AsyncSlave,Instance-SAI_B_AsyncSlave,VirtualMode-SAI_B_AsyncSlave,InitProtocol-SAI_B_AsyncSlave,VirtualProtocol-SAI_B_BASIC,BasicProtocol-SAI_B_AsyncSlave,BasicDataSize-SAI_B_AsyncSlave,BasicSlotNumber-SAI_B_AsyncSlave
SAI1.InitProtocol-SAI_A_AsyncSlave=Enable
SAI1.InitProtocol-SAI_B_AsyncSlave=Enable
SAI1.Instance-SAI_A_AsyncSlave=SAI$Index_Block_A
SAI1.Instance-SAI_B_AsyncSlave=SAI$Index_Block_B
SAI1.VirtualMode-SAI_A_AsyncSlave=VM_SLAVE
SAI1.VirtualMode-SAI_B_AsyncSlave=VM_SLAVE
SAI1.VirtualProtocol-SAI_A_BASIC=VM_BASIC_PROTOCOL
SAI1.VirtualProtocol-SAI_B_BASIC=VM_BASIC_PROTOCOL
SAI2.BasicDataSize-SAI_A_AsyncSlave=SAI_PROTOCOL_DATASIZE_32BIT
SAI2.BasicDataSize-SAI_B_AsyncSlave=SAI_PROTOCOL_DATASIZE_32BIT
SAI2.BasicProtocol-SAI_A_AsyncSlave=SAI_PCM_SHORT
SAI2.BasicProtocol-SAI_B_AsyncSlave=SAI_PCM_SHORT
SAI2.BasicSlotNumber-SAI_A_AsyncSlave=8
SAI2.BasicSlotNumber-SAI_B_AsyncSlave=8
SAI2.IPParameters=Instance-SAI_A_AsyncSlave,VirtualMode-SAI_A_AsyncSlave,InitProtocol-SAI_A_AsyncSlave,VirtualProtocol-SAI_A_BASIC,Instance-SAI_B_AsyncSlave,VirtualMode-SAI_B_AsyncSlave,InitProtocol-SAI_B_AsyncSlave,VirtualProtocol-SAI_B_BASIC,BasicProtocol-SAI_A_AsyncSlave,BasicDataSize-SAI_A_AsyncSlave,BasicSlotNumber-SAI_A_AsyncSlave,BasicProtocol-SAI_B_AsyncSlave,BasicDataSize-SAI_B_AsyncSlave,BasicSlotNumber-SAI_B_AsyncSlave
SAI2.InitProtocol-SAI_A_AsyncSlave=Enable
SAI2.InitProtocol-SAI_B_AsyncSlave=Enable
SAI2.Instance-SAI_A_AsyncSlave=SAI$Index_Block_A
SAI2.Instance-SAI_B_AsyncSlave=SAI$Index_Block_B
SAI2.VirtualMode-SAI_A_AsyncSlave=VM_SLAVE
SAI2.VirtualMode-SAI_B_AsyncSlave=VM_SLAVE
SAI2.VirtualProtocol-SAI_A_BASIC=VM_BASIC_PROTOCOL
SAI2.VirtualProtocol-SAI_B_BASIC=VM_BASIC_PROTOCOL
SAI3.BasicDataSize-SAI_A_SyncSlave=SAI_PROTOCOL_DATASIZE_32BIT
SAI3.BasicDataSize-SAI_B_SyncSlave=SAI_PROTOCOL_DATASIZE_32BIT
SAI3.BasicProtocol-SAI_A_SyncSlave=SAI_PCM_SHORT
SAI3.BasicProtocol-SAI_B_SyncSlave=SAI_PCM_SHORT
SAI3.BasicSlotNumber-SAI_A_SyncSlave=8
SAI3.BasicSlotNumber-SAI_B_SyncSlave=8
SAI3.IPParameters=VirtualProtocol-SAI_B_BASIC,VirtualProtocol-SAI_A_BASIC,Synchro_A,Synchro_B,Instance-SAI_A_SyncSlave,VirtualMode-SAI_A_SyncSlave,InitProtocol-SAI_A_SyncSlave,Instance-SAI_B_SyncSlave,VirtualMode-SAI_B_SyncSlave,InitProtocol-SAI_B_SyncSlave,BasicProtocol-SAI_A_SyncSlave,BasicDataSize-SAI_A_SyncSlave,BasicSlotNumber-SAI_A_SyncSlave,BasicProtocol-SAI_B_SyncSlave,BasicDataSize-SAI_B_SyncSlave,BasicSlotNumber-SAI_B_SyncSlave
SAI3.InitProtocol-SAI_A_SyncSlave=Enable
SAI3.InitProtocol-SAI_B_SyncSlave=Enable
SAI3.Instance-SAI_A_SyncSlave=SAI$Index_Block_A
SAI3.Instance-SAI_B_SyncSlave=SAI$Index_Block_B
SAI3.Synchro_A=SAI_SYNCHRONOUS_EXT_SAI1
SAI3.Synchro_B=SAI_SYNCHRONOUS_EXT_SAI1
SAI3.VirtualMode-SAI_A_SyncSlave=VM_SLAVE
SAI3.VirtualMode-SAI_B_SyncSlave=VM_SLAVE
SAI3.VirtualProtocol-SAI_A_BASIC=VM_BASIC_PROTOCOL
SAI3.VirtualProtocol-SAI_B_BASIC=VM_BASIC_PROTOCOL
SAI4.BasicDataSize-SAI_A_SyncSlave=SAI_PROTOCOL_DATASIZE_32BIT
SAI4.BasicDataSize-SAI_B_SyncSlave=SAI_PROTOCOL_DATASIZE_32BIT
SAI4.BasicProtocol-SAI_A_SyncSlave=SAI_PCM_SHORT
SAI4.BasicProtocol-SAI_B_SyncSlave=SAI_PCM_SHORT
SAI4.BasicSlotNumber-SAI_A_SyncSlave=8
SAI4.BasicSlotNumber-SAI_B_SyncSlave=8
SAI4.IPParameters=Instance-SAI_B_SyncSlave,VirtualMode-SAI_B_SyncSlave,InitProtocol-SAI_B_SyncSlave,VirtualProtocol-SAI_B_BASIC,Instance-SAI_A_SyncSlave,VirtualMode-SAI_A_SyncSlave,InitProtocol-SAI_A_SyncSlave,VirtualProtocol-SAI_A_BASIC,BasicProtocol-SAI_A_SyncSlave,BasicDataSize-SAI_A_SyncSlave,BasicProtocol-SAI_B_SyncSlave,BasicDataSize-SAI_B_SyncSlave,BasicSlotNumber-SAI_B_SyncSlave,BasicSlotNumber-SAI_A_SyncSlave,Synchro_A,Synchro_B
SAI4.InitProtocol-SAI_A_SyncSlave=Enable
SAI4.InitProtocol-SAI_B_SyncSlave=Enable
SAI4.Instance-SAI_A_SyncSlave=SAI$Index_Block_A
SAI4.Instance-SAI_B_SyncSlave=SAI$Index_Block_B
SAI4.Synchro_A=SAI_SYNCHRONOUS_EXT_SAI2
SAI4.Synchro_B=SAI_SYNCHRONOUS_EXT_SAI2
SAI4.VirtualMode-SAI_A_SyncSlave=VM_SLAVE
SAI4.VirtualMode-SAI_B_SyncSlave=VM_SLAVE
SAI4.VirtualProtocol-SAI_A_BASIC=VM_BASIC_PROTOCOL
SAI4.VirtualProtocol-SAI_B_BASIC=VM_BASIC_PROTOCOL
SDMMC1.ClockDiv=8
SDMMC1.HardwareFlowControl=SDMMC_HARDWARE_FLOW_CONTROL_ENABLE
SDMMC1.IPParameters=HardwareFlowControl,USE_SD_TRANSCEIVER,ClockDiv
SDMMC1.USE_SD_TRANSCEIVER=0U
SH.GPXTI0.0=GPIO_EXTI0
SH.GPXTI0.ConfNb=1
SH.GPXTI1.0=GPIO_EXTI1
SH.GPXTI1.ConfNb=1
SH.GPXTI10.0=GPIO_EXTI10
SH.GPXTI10.ConfNb=1
SH.GPXTI13.0=GPIO_EXTI13
SH.GPXTI13.ConfNb=1
SH.GPXTI4.0=GPIO_EXTI4
SH.GPXTI4.ConfNb=1
SH.GPXTI8.0=GPIO_EXTI8
SH.GPXTI8.ConfNb=1
SH.S_TIM1_CH1.0=TIM1_CH1,TriggerSource_TI1FP1
SH.S_TIM1_CH1.ConfNb=1
SH.S_TIM1_ETR.0=TIM1_ETR,ClockSourceETR_Mode2
SH.S_TIM1_ETR.ConfNb=1
SH.S_TIM8_CH1.0=TIM8_CH1,Input_Capture1_from_TI1
SH.S_TIM8_CH1.1=TIM8_CH1,Input_Capture2_from_TI1
SH.S_TIM8_CH1.ConfNb=2
SH.SharedStack_PA0.0=TIM8_ETR
SH.SharedStack_PA0.1=GPIO_Input
SH.SharedStack_PA0.ConfNb=2
SH.SharedStack_PA4.0=SPI1_NSS,NSS_Signal_Hard_Output
SH.SharedStack_PA4.1=GPIO_Output+0
SH.SharedStack_PA4.ConfNb=2
SH.SharedStack_PB12.0=SPI2_NSS
SH.SharedStack_PB12.1=GPIO_Output
SH.SharedStack_PB12.ConfNb=2
SPI1.BaudRatePrescaler=SPI_BAUDRATEPRESCALER_32
SPI1.CRCCalculation=SPI_CRCCALCULATION_DISABLE
SPI1.CalculateBaudRate=4.6875 MBits/s
SPI1.DataSize=SPI_DATASIZE_8BIT
SPI1.Direction=SPI_DIRECTION_2LINES
SPI1.IPParameters=VirtualType,Mode,Direction,BaudRatePrescaler,CalculateBaudRate,NSSPMode,DataSize,CRCCalculation,VirtualNSS
SPI1.Mode=SPI_MODE_MASTER
SPI1.NSSPMode=SPI_NSS_PULSE_DISABLE
SPI1.VirtualNSS=VM_NSSHARD
SPI1.VirtualType=VM_MASTER
SPI2.BaudRatePrescaler=SPI_BAUDRATEPRESCALER_32
SPI2.CalculateBaudRate=4.6875 MBits/s
SPI2.DataSize=SPI_DATASIZE_8BIT
SPI2.Direction=SPI_DIRECTION_2LINES
SPI2.IPParameters=VirtualType,Mode,Direction,BaudRatePrescaler,CalculateBaudRate,DataSize,NSSPMode
SPI2.Mode=SPI_MODE_MASTER
SPI2.NSSPMode=SPI_NSS_PULSE_DISABLE
SPI2.VirtualType=VM_MASTER
SPI3.BaudRatePrescaler=SPI_BAUDRATEPRESCALER_32
SPI3.CalculateBaudRate=4.6875 MBits/s
SPI3.DataSize=SPI_DATASIZE_8BIT
SPI3.Direction=SPI_DIRECTION_2LINES
SPI3.IPParameters=VirtualType,Mode,Direction,BaudRatePrescaler,CalculateBaudRate,DataSize,NSSPMode,VirtualNSS
SPI3.Mode=SPI_MODE_MASTER
SPI3.NSSPMode=SPI_NSS_PULSE_DISABLE
SPI3.VirtualNSS=VM_NSSHARD
SPI3.VirtualType=VM_MASTER
SPI4.BaudRatePrescaler=SPI_BAUDRATEPRESCALER_32
SPI4.CalculateBaudRate=4.6875 MBits/s
SPI4.DataSize=SPI_DATASIZE_8BIT
SPI4.Direction=SPI_DIRECTION_2LINES
SPI4.IPParameters=VirtualType,Mode,Direction,CalculateBaudRate,VirtualNSS,DataSize,BaudRatePrescaler,NSSPMode
SPI4.Mode=SPI_MODE_MASTER
SPI4.NSSPMode=SPI_NSS_PULSE_DISABLE
SPI4.VirtualNSS=VM_NSSHARD
SPI4.VirtualType=VM_MASTER
SPI6.BaudRatePrescaler=SPI_BAUDRATEPRESCALER_32
SPI6.CalculateBaudRate=4.6875 MBits/s
SPI6.DataSize=SPI_DATASIZE_8BIT
SPI6.Direction=SPI_DIRECTION_2LINES
SPI6.IPParameters=VirtualType,Mode,Direction,CalculateBaudRate,VirtualNSS,NSSPMode,BaudRatePrescaler,DataSize
SPI6.Mode=SPI_MODE_MASTER
SPI6.NSSPMode=SPI_NSS_PULSE_DISABLE
SPI6.VirtualNSS=VM_NSSHARD
SPI6.VirtualType=VM_MASTER
TIM1.IPParameters=TIM_MasterOutputTrigger2,TIM_MasterOutputTrigger
TIM1.TIM_MasterOutputTrigger=TIM_TRGO_UPDATE
TIM1.TIM_MasterOutputTrigger2=TIM_TRGO2_RESET
TIM8.Channel-Input_Capture1_from_TI1=TIM_CHANNEL_1
TIM8.Channel-Input_Capture2_from_TI1=TIM_CHANNEL_2
TIM8.IPParameters=Period,Channel-Input_Capture1_from_TI1,Channel-Input_Capture2_from_TI1
TIM8.Period=255
USART1.BaudRate=921600
USART1.ClockPrescaler=PRESCALER_DIV1
USART1.FIFOMode=FIFOMODE_ENABLE
USART1.IPParameters=VirtualMode-Asynchronous,BaudRate,FIFOMode,Mode,TXFIFOThreshold,RXFIFOThreshold,ClockPrescaler
USART1.Mode=MODE_TX_RX
USART1.RXFIFOThreshold=RXFIFO_THRESHOLD_1EIGHTHFULL
USART1.TXFIFOThreshold=TXFIFO_THRESHOLD_1EIGHTHFULL
USART1.VirtualMode-Asynchronous=VM_ASYNC
USB_DEVICE.CLASS_NAME_HS=CDC
USB_DEVICE.IPParameters=VirtualModeHS,CLASS_NAME_HS,VirtualMode-CDC_HS
USB_DEVICE.VirtualMode-CDC_HS=Cdc
USB_DEVICE.VirtualModeHS=Cdc_HS
USB_OTG_HS.IPParameters=VirtualMode-Device_Only_FS,dma_enable-Device_Only_FS,use_dedicated_ep1-Device_Only_FS
USB_OTG_HS.VirtualMode-Device_Only_FS=Device_Only_FS
USB_OTG_HS.dma_enable-Device_Only_FS=DISABLE
USB_OTG_HS.use_dedicated_ep1-Device_Only_FS=DISABLE
VP_FATFS_VS_SDIO.Mode=SDIO
VP_FATFS_VS_SDIO.Signal=FATFS_VS_SDIO
VP_SAI1_VP_$IpInstance_SAIA_SAI_BASIC.Mode=SAI_A_BASIC
VP_SAI1_VP_$IpInstance_SAIA_SAI_BASIC.Signal=SAI1_VP_$IpInstance_SAIA_SAI_BASIC
VP_SAI1_VP_$IpInstance_SAIB_SAI_BASIC.Mode=SAI_B_BASIC
VP_SAI1_VP_$IpInstance_SAIB_SAI_BASIC.Signal=SAI1_VP_$IpInstance_SAIB_SAI_BASIC
VP_SAI2_VP_$IpInstance_SAIA_SAI_BASIC.Mode=SAI_A_BASIC
VP_SAI2_VP_$IpInstance_SAIA_SAI_BASIC.Signal=SAI2_VP_$IpInstance_SAIA_SAI_BASIC
VP_SAI2_VP_$IpInstance_SAIB_SAI_BASIC.Mode=SAI_B_BASIC
VP_SAI2_VP_$IpInstance_SAIB_SAI_BASIC.Signal=SAI2_VP_$IpInstance_SAIB_SAI_BASIC
VP_SAI3_VP_$IpInstance_SAIA_SAI_BASIC.Mode=SAI_A_BASIC
VP_SAI3_VP_$IpInstance_SAIA_SAI_BASIC.Signal=SAI3_VP_$IpInstance_SAIA_SAI_BASIC
VP_SAI3_VP_$IpInstance_SAIB_SAI_BASIC.Mode=SAI_B_BASIC
VP_SAI3_VP_$IpInstance_SAIB_SAI_BASIC.Signal=SAI3_VP_$IpInstance_SAIB_SAI_BASIC
VP_SAI4_VP_$IpInstance_SAIA_SAI_BASIC.Mode=SAI_A_BASIC
VP_SAI4_VP_$IpInstance_SAIA_SAI_BASIC.Signal=SAI4_VP_$IpInstance_SAIA_SAI_BASIC
VP_SAI4_VP_$IpInstance_SAIB_SAI_BASIC.Mode=SAI_B_BASIC
VP_SAI4_VP_$IpInstance_SAIB_SAI_BASIC.Signal=SAI4_VP_$IpInstance_SAIB_SAI_BASIC
VP_SYS_VS_Systick.Mode=SysTick
VP_SYS_VS_Systick.Signal=SYS_VS_Systick
VP_TIM1_VS_ControllerModeCombinedResetTrigger.Mode=Combined_Reset_Trigger_Mode
VP_TIM1_VS_ControllerModeCombinedResetTrigger.Signal=TIM1_VS_ControllerModeCombinedResetTrigger
VP_TIM8_VS_ClockSourceITR.Mode=TriggerSource_ITR0
VP_TIM8_VS_ClockSourceITR.Signal=TIM8_VS_ClockSourceITR
VP_TIM8_VS_ControllerModeClock.Mode=Clock Mode
VP_TIM8_VS_ControllerModeClock.Signal=TIM8_VS_ControllerModeClock
VP_USB_DEVICE_VS_USB_DEVICE_CDC_HS.Mode=CDC_HS
VP_USB_DEVICE_VS_USB_DEVICE_CDC_HS.Signal=USB_DEVICE_VS_USB_DEVICE_CDC_HS
board=custom
